
Microsoft Visual Studio Solution File, Format Version 12.00
Project("{FAE04EC0-301F-11D3-BF4B-00C04F79EFBC}") = "Backend.Web", "Backend.Web\Backend.Web.csproj", "{F4059010-8DB1-449D-8500-82C1E4B72278}"
EndProject
Project("{FAE04EC0-301F-11D3-BF4B-00C04F79EFBC}") = "Backend.Tests", "Backend.Tests\Backend.Tests.csproj", "{B4350D42-5BC7-4590-90F9-EB4BB5079207}"
EndProject
Global
	GlobalSection(SolutionConfigurationPlatforms) = preSolution
		Debug|Any CPU = Debug|Any CPU
		Release|Any CPU = Release|Any CPU
	EndGlobalSection
	GlobalSection(ProjectConfigurationPlatforms) = postSolution
		{F4059010-8DB1-449D-8500-82C1E4B72278}.Debug|Any CPU.ActiveCfg = Debug|Any CPU
		{F4059010-8DB1-449D-8500-82C1E4B72278}.Debug|Any CPU.Build.0 = Debug|Any CPU
		{F4059010-8DB1-449D-8500-82C1E4B72278}.Release|Any CPU.ActiveCfg = Release|Any CPU
		{F4059010-8DB1-449D-8500-82C1E4B72278}.Release|Any CPU.Build.0 = Release|Any CPU
		{B4350D42-5BC7-4590-90F9-EB4BB5079207}.Debug|Any CPU.ActiveCfg = Debug|Any CPU
		{B4350D42-5BC7-4590-90F9-EB4BB5079207}.Debug|Any CPU.Build.0 = Debug|Any CPU
		{B4350D42-5BC7-4590-90F9-EB4BB5079207}.Release|Any CPU.ActiveCfg = Release|Any CPU
		{B4350D42-5BC7-4590-90F9-EB4BB5079207}.Release|Any CPU.Build.0 = Release|Any CPU
	EndGlobalSection
EndGlobal
